{
  "name": "demo",
  "version": "1.0.0",
  "lockfileVersion": 1,
  "requires": true,
  "dependencies": {
    "snabbdom": {
      "version": "3.0.1",
      "resolved": "https://registry.npmjs.org/snabbdom/-/snabbdom-3.0.1.tgz",
      "integrity": "sha512-H4gKokDT1HPe3dlGyTihNw0NtEH9FxZy55MXp3ODM4O30NBRe+11veox1wf/CP9NfGcbStDM3BmO1DFC9/5wRw=="
    }
  }
}
